
Microsoft Visual Studio Solution File, Format Version 12.00
# Visual Studio 15
VisualStudioVersion = 15.0.28010.2046
MinimumVisualStudioVersion = 10.0.40219.1
Project("{FAE04EC0-301F-11D3-BF4B-00C04F79EFBC}") = "TrashCollector2", "TrashCollector2\TrashCollector2.csproj", "{51744F47-18DD-4B8B-B4DC-546AADADF8FC}"
EndProject
Global
	GlobalSection(SolutionConfigurationPlatforms) = preSolution
		Debug|Any CPU = Debug|Any CPU
		Release|Any CPU = Release|Any CPU
	EndGlobalSection
	GlobalSection(ProjectConfigurationPlatforms) = postSolution
		{51744F47-18DD-4B8B-B4DC-546AADADF8FC}.Debug|Any CPU.ActiveCfg = Debug|Any CPU
		{51744F47-18DD-4B8B-B4DC-546AADADF8FC}.Debug|Any CPU.Build.0 = Debug|Any CPU
		{51744F47-18DD-4B8B-B4DC-546AADADF8FC}.Release|Any CPU.ActiveCfg = Release|Any CPU
		{51744F47-18DD-4B8B-B4DC-546AADADF8FC}.Release|Any CPU.Build.0 = Release|Any CPU
	EndGlobalSection
	GlobalSection(SolutionProperties) = preSolution
		HideSolutionNode = FALSE
	EndGlobalSection
	GlobalSection(ExtensibilityGlobals) = postSolution
		SolutionGuid = {12868018-5F1E-4491-8DD8-150E23559155}
	EndGlobalSection
EndGlobal
